
Microsoft Visual Studio Solution File, Format Version 12.00
# Visual Studio Version 16
VisualStudioVersion = 16.0.31729.503
MinimumVisualStudioVersion = 10.0.40219.1
Project("{FAE04EC0-301F-11D3-BF4B-00C04F79EFBC}") = "KingsTeaApp", "KingsTeaApp\KingsTeaApp.csproj", "{EAFD1756-2583-4971-BBA9-09DA1A094570}"
EndProject
Project("{2150E333-8FDC-42A3-9474-1A3956D46DE8}") = "BusinessLayer", "BusinessLayer", "{0E49B213-5E22-4A53-AD8E-574C50AC4EC7}"
EndProject
Project("{2150E333-8FDC-42A3-9474-1A3956D46DE8}") = "DataAccessLayer", "DataAccessLayer", "{CA802921-3BAA-4C17-ACDD-004AC7579F68}"
EndProject
Project("{FAE04EC0-301F-11D3-BF4B-00C04F79EFBC}") = "KTA.Model.Services", "BinessLayer\KTA.Model.Services\KTA.Model.Services.csproj", "{BE77AECE-8861-4AFE-A94F-8F6A374E0409}"
EndProject
Project("{FAE04EC0-301F-11D3-BF4B-00C04F79EFBC}") = "KTA.Model.Entities", "BinessLayer\KTA.Model.Entities\KTA.Model.Entities.csproj", "{23FA6399-158E-49B0-9AE8-65E89FDE1650}"
EndProject
Project("{FAE04EC0-301F-11D3-BF4B-00C04F79EFBC}") = "KTA.Model.Interface", "BinessLayer\KTA.Model.Interface\KTA.Model.Interface.csproj", "{289CE988-FD99-4EEC-977A-7FCAD2B94BA9}"
EndProject
Project("{2150E333-8FDC-42A3-9474-1A3956D46DE8}") = "KTA", "KTA", "{F89A61B2-4D53-45DD-9E65-E4F3E3A8ADD8}"
EndProject
Project("{FAE04EC0-301F-11D3-BF4B-00C04F79EFBC}") = "KTA.Data.Entity", "DataAccessLayer\KTA.Data.Entity\KTA.Data.Entity.csproj", "{19144277-6494-43BD-BE58-7F2B4892263C}"
EndProject
Project("{FAE04EC0-301F-11D3-BF4B-00C04F79EFBC}") = "KTA.Data.Repository", "DataAccessLayer\KTA.Data.Repository\KTA.Data.Repository.csproj", "{822F0A5F-1BE2-4C24-94A2-BA7D6EE0A656}"
EndProject
Project("{FAE04EC0-301F-11D3-BF4B-00C04F79EFBC}") = "KTA.Data.Schema", "DataAccessLayer\KTA.Data.Schema\KTA.Data.Schema.csproj", "{412DE3EF-E0B5-410F-83E0-3D7C05C75DB0}"
EndProject
Project("{FAE04EC0-301F-11D3-BF4B-00C04F79EFBC}") = "KTA.Data.Service", "DataAccessLayer\KTA.Data.Service\KTA.Data.Service.csproj", "{0BC76DD7-7B71-403E-AEF5-051BA7F10F82}"
EndProject
Project("{FAE04EC0-301F-11D3-BF4B-00C04F79EFBC}") = "KTA.Model.ExceptionHelper", "BinessLayer\KTA.Model.Exception\KTA.Model.ExceptionHelper.csproj", "{B71CA907-16AA-421E-A6B9-EBA7F1040179}"
EndProject
Project("{FAE04EC0-301F-11D3-BF4B-00C04F79EFBC}") = "KTA.Model.Constants", "BinessLayer\KTA.Model.Constants\KTA.Model.Constants.csproj", "{B6D59BBE-8785-4E17-AE92-84ABA30E9461}"
EndProject
Global
	GlobalSection(SolutionConfigurationPlatforms) = preSolution
		Debug|Any CPU = Debug|Any CPU
		Release|Any CPU = Release|Any CPU
	EndGlobalSection
	GlobalSection(ProjectConfigurationPlatforms) = postSolution
		{EAFD1756-2583-4971-BBA9-09DA1A094570}.Debug|Any CPU.ActiveCfg = Debug|Any CPU
		{EAFD1756-2583-4971-BBA9-09DA1A094570}.Debug|Any CPU.Build.0 = Debug|Any CPU
		{EAFD1756-2583-4971-BBA9-09DA1A094570}.Release|Any CPU.ActiveCfg = Release|Any CPU
		{EAFD1756-2583-4971-BBA9-09DA1A094570}.Release|Any CPU.Build.0 = Release|Any CPU
		{BE77AECE-8861-4AFE-A94F-8F6A374E0409}.Debug|Any CPU.ActiveCfg = Debug|Any CPU
		{BE77AECE-8861-4AFE-A94F-8F6A374E0409}.Debug|Any CPU.Build.0 = Debug|Any CPU
		{BE77AECE-8861-4AFE-A94F-8F6A374E0409}.Release|Any CPU.ActiveCfg = Release|Any CPU
		{BE77AECE-8861-4AFE-A94F-8F6A374E0409}.Release|Any CPU.Build.0 = Release|Any CPU
		{23FA6399-158E-49B0-9AE8-65E89FDE1650}.Debug|Any CPU.ActiveCfg = Debug|Any CPU
		{23FA6399-158E-49B0-9AE8-65E89FDE1650}.Debug|Any CPU.Build.0 = Debug|Any CPU
		{23FA6399-158E-49B0-9AE8-65E89FDE1650}.Release|Any CPU.ActiveCfg = Release|Any CPU
		{23FA6399-158E-49B0-9AE8-65E89FDE1650}.Release|Any CPU.Build.0 = Release|Any CPU
		{289CE988-FD99-4EEC-977A-7FCAD2B94BA9}.Debug|Any CPU.ActiveCfg = Debug|Any CPU
		{289CE988-FD99-4EEC-977A-7FCAD2B94BA9}.Debug|Any CPU.Build.0 = Debug|Any CPU
		{289CE988-FD99-4EEC-977A-7FCAD2B94BA9}.Release|Any CPU.ActiveCfg = Release|Any CPU
		{289CE988-FD99-4EEC-977A-7FCAD2B94BA9}.Release|Any CPU.Build.0 = Release|Any CPU
		{19144277-6494-43BD-BE58-7F2B4892263C}.Debug|Any CPU.ActiveCfg = Debug|Any CPU
		{19144277-6494-43BD-BE58-7F2B4892263C}.Debug|Any CPU.Build.0 = Debug|Any CPU
		{19144277-6494-43BD-BE58-7F2B4892263C}.Release|Any CPU.ActiveCfg = Release|Any CPU
		{19144277-6494-43BD-BE58-7F2B4892263C}.Release|Any CPU.Build.0 = Release|Any CPU
		{822F0A5F-1BE2-4C24-94A2-BA7D6EE0A656}.Debug|Any CPU.ActiveCfg = Debug|Any CPU
		{822F0A5F-1BE2-4C24-94A2-BA7D6EE0A656}.Debug|Any CPU.Build.0 = Debug|Any CPU
		{822F0A5F-1BE2-4C24-94A2-BA7D6EE0A656}.Release|Any CPU.ActiveCfg = Release|Any CPU
		{822F0A5F-1BE2-4C24-94A2-BA7D6EE0A656}.Release|Any CPU.Build.0 = Release|Any CPU
		{412DE3EF-E0B5-410F-83E0-3D7C05C75DB0}.Debug|Any CPU.ActiveCfg = Debug|Any CPU
		{412DE3EF-E0B5-410F-83E0-3D7C05C75DB0}.Debug|Any CPU.Build.0 = Debug|Any CPU
		{412DE3EF-E0B5-410F-83E0-3D7C05C75DB0}.Release|Any CPU.ActiveCfg = Release|Any CPU
		{412DE3EF-E0B5-410F-83E0-3D7C05C75DB0}.Release|Any CPU.Build.0 = Release|Any CPU
		{0BC76DD7-7B71-403E-AEF5-051BA7F10F82}.Debug|Any CPU.ActiveCfg = Debug|Any CPU
		{0BC76DD7-7B71-403E-AEF5-051BA7F10F82}.Debug|Any CPU.Build.0 = Debug|Any CPU
		{0BC76DD7-7B71-403E-AEF5-051BA7F10F82}.Release|Any CPU.ActiveCfg = Release|Any CPU
		{0BC76DD7-7B71-403E-AEF5-051BA7F10F82}.Release|Any CPU.Build.0 = Release|Any CPU
		{B71CA907-16AA-421E-A6B9-EBA7F1040179}.Debug|Any CPU.ActiveCfg = Debug|Any CPU
		{B71CA907-16AA-421E-A6B9-EBA7F1040179}.Debug|Any CPU.Build.0 = Debug|Any CPU
		{B71CA907-16AA-421E-A6B9-EBA7F1040179}.Release|Any CPU.ActiveCfg = Release|Any CPU
		{B71CA907-16AA-421E-A6B9-EBA7F1040179}.Release|Any CPU.Build.0 = Release|Any CPU
		{B6D59BBE-8785-4E17-AE92-84ABA30E9461}.Debug|Any CPU.ActiveCfg = Debug|Any CPU
		{B6D59BBE-8785-4E17-AE92-84ABA30E9461}.Debug|Any CPU.Build.0 = Debug|Any CPU
		{B6D59BBE-8785-4E17-AE92-84ABA30E9461}.Release|Any CPU.ActiveCfg = Release|Any CPU
		{B6D59BBE-8785-4E17-AE92-84ABA30E9461}.Release|Any CPU.Build.0 = Release|Any CPU
	EndGlobalSection
	GlobalSection(SolutionProperties) = preSolution
		HideSolutionNode = FALSE
	EndGlobalSection
	GlobalSection(NestedProjects) = preSolution
		{BE77AECE-8861-4AFE-A94F-8F6A374E0409} = {0E49B213-5E22-4A53-AD8E-574C50AC4EC7}
		{23FA6399-158E-49B0-9AE8-65E89FDE1650} = {0E49B213-5E22-4A53-AD8E-574C50AC4EC7}
		{289CE988-FD99-4EEC-977A-7FCAD2B94BA9} = {0E49B213-5E22-4A53-AD8E-574C50AC4EC7}
		{F89A61B2-4D53-45DD-9E65-E4F3E3A8ADD8} = {CA802921-3BAA-4C17-ACDD-004AC7579F68}
		{19144277-6494-43BD-BE58-7F2B4892263C} = {F89A61B2-4D53-45DD-9E65-E4F3E3A8ADD8}
		{822F0A5F-1BE2-4C24-94A2-BA7D6EE0A656} = {F89A61B2-4D53-45DD-9E65-E4F3E3A8ADD8}
		{412DE3EF-E0B5-410F-83E0-3D7C05C75DB0} = {F89A61B2-4D53-45DD-9E65-E4F3E3A8ADD8}
		{0BC76DD7-7B71-403E-AEF5-051BA7F10F82} = {F89A61B2-4D53-45DD-9E65-E4F3E3A8ADD8}
		{B71CA907-16AA-421E-A6B9-EBA7F1040179} = {0E49B213-5E22-4A53-AD8E-574C50AC4EC7}
		{B6D59BBE-8785-4E17-AE92-84ABA30E9461} = {0E49B213-5E22-4A53-AD8E-574C50AC4EC7}
	EndGlobalSection
	GlobalSection(ExtensibilityGlobals) = postSolution
		SolutionGuid = {5C708313-65A9-4B92-B961-C34CF0AA9920}
	EndGlobalSection
EndGlobal
